
Microsoft Visual Studio Solution File, Format Version 12.00
# Visual Studio 14
VisualStudioVersion = 14.0.25420.1
MinimumVisualStudioVersion = 10.0.40219.1
Project("{8BC9CEB8-8B4A-11D0-8D11-00A0C91BC942}") = "imageanalyzer.dotnet.core", "imageanalyzer.dotnet.core\imageanalyzer.dotnet.core.vcxproj", "{345C6B0A-0059-4904-9EC4-48EB3C6FD8FB}"
EndProject
Project("{FAE04EC0-301F-11D3-BF4B-00C04F79EFBC}") = "imageanalyzer.dotnet.ui", "imageanalyzer.dotnet.ui\imageanalyzer.dotnet.ui.csproj", "{042DE6C9-5774-4D2A-A904-D7BC96564B5F}"
EndProject
Global
	GlobalSection(SolutionConfigurationPlatforms) = preSolution
		Debug|Any CPU = Debug|Any CPU
		Debug|x64 = Debug|x64
		Debug|x86 = Debug|x86
		Release|Any CPU = Release|Any CPU
		Release|x64 = Release|x64
		Release|x86 = Release|x86
	EndGlobalSection
	GlobalSection(ProjectConfigurationPlatforms) = postSolution
		{345C6B0A-0059-4904-9EC4-48EB3C6FD8FB}.Debug|Any CPU.ActiveCfg = Debug|Win32
		{345C6B0A-0059-4904-9EC4-48EB3C6FD8FB}.Debug|x64.ActiveCfg = Debug|x64
		{345C6B0A-0059-4904-9EC4-48EB3C6FD8FB}.Debug|x64.Build.0 = Debug|x64
		{345C6B0A-0059-4904-9EC4-48EB3C6FD8FB}.Debug|x86.ActiveCfg = Debug|Win32
		{345C6B0A-0059-4904-9EC4-48EB3C6FD8FB}.Debug|x86.Build.0 = Debug|Win32
		{345C6B0A-0059-4904-9EC4-48EB3C6FD8FB}.Release|Any CPU.ActiveCfg = Release|Win32
		{345C6B0A-0059-4904-9EC4-48EB3C6FD8FB}.Release|x64.ActiveCfg = Release|x64
		{345C6B0A-0059-4904-9EC4-48EB3C6FD8FB}.Release|x64.Build.0 = Release|x64
		{345C6B0A-0059-4904-9EC4-48EB3C6FD8FB}.Release|x86.ActiveCfg = Release|Win32
		{345C6B0A-0059-4904-9EC4-48EB3C6FD8FB}.Release|x86.Build.0 = Release|Win32
		{042DE6C9-5774-4D2A-A904-D7BC96564B5F}.Debug|Any CPU.ActiveCfg = Debug|Any CPU
		{042DE6C9-5774-4D2A-A904-D7BC96564B5F}.Debug|Any CPU.Build.0 = Debug|Any CPU
		{042DE6C9-5774-4D2A-A904-D7BC96564B5F}.Debug|x64.ActiveCfg = Debug|Any CPU
		{042DE6C9-5774-4D2A-A904-D7BC96564B5F}.Debug|x64.Build.0 = Debug|Any CPU
		{042DE6C9-5774-4D2A-A904-D7BC96564B5F}.Debug|x86.ActiveCfg = Debug|Any CPU
		{042DE6C9-5774-4D2A-A904-D7BC96564B5F}.Debug|x86.Build.0 = Debug|Any CPU
		{042DE6C9-5774-4D2A-A904-D7BC96564B5F}.Release|Any CPU.ActiveCfg = Release|Any CPU
		{042DE6C9-5774-4D2A-A904-D7BC96564B5F}.Release|Any CPU.Build.0 = Release|Any CPU
		{042DE6C9-5774-4D2A-A904-D7BC96564B5F}.Release|x64.ActiveCfg = Release|Any CPU
		{042DE6C9-5774-4D2A-A904-D7BC96564B5F}.Release|x64.Build.0 = Release|Any CPU
		{042DE6C9-5774-4D2A-A904-D7BC96564B5F}.Release|x86.ActiveCfg = Release|Any CPU
		{042DE6C9-5774-4D2A-A904-D7BC96564B5F}.Release|x86.Build.0 = Release|Any CPU
	EndGlobalSection
	GlobalSection(SolutionProperties) = preSolution
		HideSolutionNode = FALSE
	EndGlobalSection
EndGlobal
